
Microsoft Visual Studio Solution File, Format Version 12.00
# Visual Studio Version 17
VisualStudioVersion = 17.13.35931.197 d17.13
MinimumVisualStudioVersion = 10.0.40219.1
Project("{FAE04EC0-301F-11D3-BF4B-00C04F79EFBC}") = "Playground", "Playground\Playground.csproj", "{5EDA88A1-9042-49B5-9928-41DF3D7D0404}"
EndProject
Global
	GlobalSection(SolutionConfigurationPlatforms) = preSolution
		Debug|Any CPU = Debug|Any CPU
		Release|Any CPU = Release|Any CPU
	EndGlobalSection
	GlobalSection(ProjectConfigurationPlatforms) = postSolution
		{5EDA88A1-9042-49B5-9928-41DF3D7D0404}.Debug|Any CPU.ActiveCfg = Debug|Any CPU
		{5EDA88A1-9042-49B5-9928-41DF3D7D0404}.Debug|Any CPU.Build.0 = Debug|Any CPU
		{5EDA88A1-9042-49B5-9928-41DF3D7D0404}.Release|Any CPU.ActiveCfg = Release|Any CPU
		{5EDA88A1-9042-49B5-9928-41DF3D7D0404}.Release|Any CPU.Build.0 = Release|Any CPU
	EndGlobalSection
	GlobalSection(SolutionProperties) = preSolution
		HideSolutionNode = FALSE
	EndGlobalSection
	GlobalSection(ExtensibilityGlobals) = postSolution
		SolutionGuid = {1C12DD51-4928-4232-B338-A7E5E19E0651}
	EndGlobalSection
EndGlobal
